
Microsoft Visual Studio Solution File, Format Version 12.00
# Visual Studio Version 16
VisualStudioVersion = 16.0.30804.86
MinimumVisualStudioVersion = 10.0.40219.1
Project("{9A19103F-16F7-4668-BE54-9A1E7A4F7556}") = "TelegramBotSigner", "TelegramBotSigner.csproj", "{A131BEF7-B50D-410E-A5D0-C082BE906D02}"
EndProject
Project("{E53339B2-1760-4266-BCC7-CA923CBCF16C}") = "docker-compose", "docker-compose.dcproj", "{094FBE42-9153-44EA-9EDA-848AC064877E}"
EndProject
Project("{2150E333-8FDC-42A3-9474-1A3956D46DE8}") = "Solution Items", "Solution Items", "{56567238-4F79-444E-B794-722C0365582B}"
	ProjectSection(SolutionItems) = preProject
		.env = .env
	EndProjectSection
EndProject
Global
	GlobalSection(SolutionConfigurationPlatforms) = preSolution
		Debug|Any CPU = Debug|Any CPU
		Release|Any CPU = Release|Any CPU
	EndGlobalSection
	GlobalSection(ProjectConfigurationPlatforms) = postSolution
		{A131BEF7-B50D-410E-A5D0-C082BE906D02}.Debug|Any CPU.ActiveCfg = Debug|Any CPU
		{A131BEF7-B50D-410E-A5D0-C082BE906D02}.Debug|Any CPU.Build.0 = Debug|Any CPU
		{A131BEF7-B50D-410E-A5D0-C082BE906D02}.Release|Any CPU.ActiveCfg = Release|Any CPU
		{A131BEF7-B50D-410E-A5D0-C082BE906D02}.Release|Any CPU.Build.0 = Release|Any CPU
		{094FBE42-9153-44EA-9EDA-848AC064877E}.Debug|Any CPU.ActiveCfg = Debug|Any CPU
		{094FBE42-9153-44EA-9EDA-848AC064877E}.Debug|Any CPU.Build.0 = Debug|Any CPU
		{094FBE42-9153-44EA-9EDA-848AC064877E}.Release|Any CPU.ActiveCfg = Release|Any CPU
		{094FBE42-9153-44EA-9EDA-848AC064877E}.Release|Any CPU.Build.0 = Release|Any CPU
	EndGlobalSection
	GlobalSection(SolutionProperties) = preSolution
		HideSolutionNode = FALSE
	EndGlobalSection
	GlobalSection(ExtensibilityGlobals) = postSolution
		SolutionGuid = {8FE08781-814D-4460-8709-B85422ADECDF}
	EndGlobalSection
EndGlobal
